{
  "requires": true,
  "lockfileVersion": 1,
  "dependencies": {
    "array-move": {
      "version": "2.2.1",
      "resolved": "https://registry.npmjs.org/array-move/-/array-move-2.2.1.tgz",
      "integrity": "sha512-qQpEHBnVT6HAFgEVUwRdHVd8TYJThrZIT5wSXpEUTPwBaYhPLclw12mEpyUvRWVdl1VwPOqnIy6LqTFN3cSeUQ=="
    }
  }
}
